// !$*UTF8*$!
{
	archiveVersion = 1;
	classes = {
	};
	objectVersion = 55;
	objects = {

/* Begin PBXBuildFile section */
		B026D51B283CE8E6001BA910 /* HomeCollectionViewCell.swift in Sources */ = {isa = PBXBuildFile; fileRef = B026D51A283CE8E6001BA910 /* HomeCollectionViewCell.swift */; };
		B026D51D283CE927001BA910 /* UICollectionViewCell+Extension.swift in Sources */ = {isa = PBXBuildFile; fileRef = B026D51C283CE927001BA910 /* UICollectionViewCell+Extension.swift */; };
		B026D524283CF92D001BA910 /* ProductResponseDTO.swift in Sources */ = {isa = PBXBuildFile; fileRef = B026D523283CF92D001BA910 /* ProductResponseDTO.swift */; };
		B026D527283CFE0A001BA910 /* ProductRequestDTO.swift in Sources */ = {isa = PBXBuildFile; fileRef = B026D526283CFE0A001BA910 /* ProductRequestDTO.swift */; };
		B026D52A283D01AF001BA910 /* Currency.swift in Sources */ = {isa = PBXBuildFile; fileRef = B026D529283D01AF001BA910 /* Currency.swift */; };
		B026D52D283D026C001BA910 /* Product.swift in Sources */ = {isa = PBXBuildFile; fileRef = B026D52C283D026C001BA910 /* Product.swift */; };
		B026D52F283D0914001BA910 /* String+Extension.swift in Sources */ = {isa = PBXBuildFile; fileRef = B026D52E283D0914001BA910 /* String+Extension.swift */; };
		B026D534283D0A5F001BA910 /* ProductRepository.swift in Sources */ = {isa = PBXBuildFile; fileRef = B026D533283D0A5F001BA910 /* ProductRepository.swift */; };
		B0D5C92D283BEB3D00696B25 /* AppDelegate.swift in Sources */ = {isa = PBXBuildFile; fileRef = B0D5C92C283BEB3D00696B25 /* AppDelegate.swift */; };
		B0D5C92F283BEB3D00696B25 /* SceneDelegate.swift in Sources */ = {isa = PBXBuildFile; fileRef = B0D5C92E283BEB3D00696B25 /* SceneDelegate.swift */; };
		B0D5C931283BEB3D00696B25 /* HomeViewController.swift in Sources */ = {isa = PBXBuildFile; fileRef = B0D5C930283BEB3D00696B25 /* HomeViewController.swift */; };
		B0D5C934283BEB3D00696B25 /* Main.storyboard in Resources */ = {isa = PBXBuildFile; fileRef = B0D5C932283BEB3D00696B25 /* Main.storyboard */; };
		B0D5C936283BEB3E00696B25 /* Assets.xcassets in Resources */ = {isa = PBXBuildFile; fileRef = B0D5C935283BEB3E00696B25 /* Assets.xcassets */; };
		B0D5C939283BEB3E00696B25 /* LaunchScreen.storyboard in Resources */ = {isa = PBXBuildFile; fileRef = B0D5C937283BEB3E00696B25 /* LaunchScreen.storyboard */; };
		B0D5C949283BEE0D00696B25 /* NetworkService.swift in Sources */ = {isa = PBXBuildFile; fileRef = B0D5C948283BEE0D00696B25 /* NetworkService.swift */; };
		B0D5C94C283BEFAB00696B25 /* Endpoint.swift in Sources */ = {isa = PBXBuildFile; fileRef = B0D5C94B283BEFAB00696B25 /* Endpoint.swift */; };
		B0D5C94E283BF03B00696B25 /* NetworkConfiguration.swift in Sources */ = {isa = PBXBuildFile; fileRef = B0D5C94D283BF03B00696B25 /* NetworkConfiguration.swift */; };
		B0D5C951283C01E800696B25 /* HTTPMethod.swift in Sources */ = {isa = PBXBuildFile; fileRef = B0D5C950283C01E800696B25 /* HTTPMethod.swift */; };
		B0D5C953283C01EC00696B25 /* NetworkError.swift in Sources */ = {isa = PBXBuildFile; fileRef = B0D5C952283C01EC00696B25 /* NetworkError.swift */; };
		B0D5C955283C038300696B25 /* Cancellable.swift in Sources */ = {isa = PBXBuildFile; fileRef = B0D5C954283C038300696B25 /* Cancellable.swift */; };
		B0D5C959283C057600696B25 /* URLSessionTask+Extension.swift in Sources */ = {isa = PBXBuildFile; fileRef = B0D5C958283C057600696B25 /* URLSessionTask+Extension.swift */; };
		B0D5C95B283C06F700696B25 /* DefaultNetworkService.swift in Sources */ = {isa = PBXBuildFile; fileRef = B0D5C95A283C06F700696B25 /* DefaultNetworkService.swift */; };
		B0D5C969283C90CB00696B25 /* NotoSansCJKkr-Regular.otf in Resources */ = {isa = PBXBuildFile; fileRef = B0D5C962283C90C800696B25 /* NotoSansCJKkr-Regular.otf */; };
		B0D5C96A283C90CB00696B25 /* NotoSansCJKkr-Black.otf in Resources */ = {isa = PBXBuildFile; fileRef = B0D5C963283C90C900696B25 /* NotoSansCJKkr-Black.otf */; };
		B0D5C96B283C90CB00696B25 /* NotoSansCJKkr-DemiLight.otf in Resources */ = {isa = PBXBuildFile; fileRef = B0D5C964283C90C900696B25 /* NotoSansCJKkr-DemiLight.otf */; };
		B0D5C96C283C90CB00696B25 /* NotoSansCJKkr-Bold.otf in Resources */ = {isa = PBXBuildFile; fileRef = B0D5C965283C90CA00696B25 /* NotoSansCJKkr-Bold.otf */; };
		B0D5C96D283C90CB00696B25 /* NotoSansCJKkr-Thin.otf in Resources */ = {isa = PBXBuildFile; fileRef = B0D5C966283C90CA00696B25 /* NotoSansCJKkr-Thin.otf */; };
		B0D5C96E283C90CB00696B25 /* NotoSansCJKkr-Light.otf in Resources */ = {isa = PBXBuildFile; fileRef = B0D5C967283C90CA00696B25 /* NotoSansCJKkr-Light.otf */; };
		B0D5C96F283C90CB00696B25 /* NotoSansCJKkr-Medium.otf in Resources */ = {isa = PBXBuildFile; fileRef = B0D5C968283C90CB00696B25 /* NotoSansCJKkr-Medium.otf */; };
		B0D5C971283C915E00696B25 /* UIFont+Extension.swift in Sources */ = {isa = PBXBuildFile; fileRef = B0D5C970283C915E00696B25 /* UIFont+Extension.swift */; };
/* End PBXBuildFile section */

/* Begin PBXFileReference section */
		B026D51A283CE8E6001BA910 /* HomeCollectionViewCell.swift */ = {isa = PBXFileReference; lastKnownFileType = sourcecode.swift; path = HomeCollectionViewCell.swift; sourceTree = "<group>"; };
		B026D51C283CE927001BA910 /* UICollectionViewCell+Extension.swift */ = {isa = PBXFileReference; lastKnownFileType = sourcecode.swift; path = "UICollectionViewCell+Extension.swift"; sourceTree = "<group>"; };
		B026D523283CF92D001BA910 /* ProductResponseDTO.swift */ = {isa = PBXFileReference; lastKnownFileType = sourcecode.swift; path = ProductResponseDTO.swift; sourceTree = "<group>"; };
		B026D526283CFE0A001BA910 /* ProductRequestDTO.swift */ = {isa = PBXFileReference; lastKnownFileType = sourcecode.swift; path = ProductRequestDTO.swift; sourceTree = "<group>"; };
		B026D529283D01AF001BA910 /* Currency.swift */ = {isa = PBXFileReference; lastKnownFileType = sourcecode.swift; path = Currency.swift; sourceTree = "<group>"; };
		B026D52C283D026C001BA910 /* Product.swift */ = {isa = PBXFileReference; lastKnownFileType = sourcecode.swift; path = Product.swift; sourceTree = "<group>"; };
		B026D52E283D0914001BA910 /* String+Extension.swift */ = {isa = PBXFileReference; lastKnownFileType = sourcecode.swift; path = "String+Extension.swift"; sourceTree = "<group>"; };
		B026D533283D0A5F001BA910 /* ProductRepository.swift */ = {isa = PBXFileReference; lastKnownFileType = sourcecode.swift; path = ProductRepository.swift; sourceTree = "<group>"; };
		B0D5C929283BEB3D00696B25 /* Close-market.app */ = {isa = PBXFileReference; explicitFileType = wrapper.application; includeInIndex = 0; path = "Close-market.app"; sourceTree = BUILT_PRODUCTS_DIR; };
		B0D5C92C283BEB3D00696B25 /* AppDelegate.swift */ = {isa = PBXFileReference; lastKnownFileType = sourcecode.swift; path = AppDelegate.swift; sourceTree = "<group>"; };
		B0D5C92E283BEB3D00696B25 /* SceneDelegate.swift */ = {isa = PBXFileReference; lastKnownFileType = sourcecode.swift; path = SceneDelegate.swift; sourceTree = "<group>"; };
		B0D5C930283BEB3D00696B25 /* HomeViewController.swift */ = {isa = PBXFileReference; lastKnownFileType = sourcecode.swift; path = HomeViewController.swift; sourceTree = "<group>"; };
		B0D5C933283BEB3D00696B25 /* Base */ = {isa = PBXFileReference; lastKnownFileType = file.storyboard; name = Base; path = Base.lproj/Main.storyboard; sourceTree = "<group>"; };
		B0D5C935283BEB3E00696B25 /* Assets.xcassets */ = {isa = PBXFileReference; lastKnownFileType = folder.assetcatalog; path = Assets.xcassets; sourceTree = "<group>"; };
		B0D5C938283BEB3E00696B25 /* Base */ = {isa = PBXFileReference; lastKnownFileType = file.storyboard; name = Base; path = Base.lproj/LaunchScreen.storyboard; sourceTree = "<group>"; };
		B0D5C93A283BEB3E00696B25 /* Info.plist */ = {isa = PBXFileReference; lastKnownFileType = text.plist.xml; path = Info.plist; sourceTree = "<group>"; };
		B0D5C948283BEE0D00696B25 /* NetworkService.swift */ = {isa = PBXFileReference; lastKnownFileType = sourcecode.swift; path = NetworkService.swift; sourceTree = "<group>"; };
		B0D5C94B283BEFAB00696B25 /* Endpoint.swift */ = {isa = PBXFileReference; lastKnownFileType = sourcecode.swift; path = Endpoint.swift; sourceTree = "<group>"; };
		B0D5C94D283BF03B00696B25 /* NetworkConfiguration.swift */ = {isa = PBXFileReference; lastKnownFileType = sourcecode.swift; path = NetworkConfiguration.swift; sourceTree = "<group>"; };
		B0D5C950283C01E800696B25 /* HTTPMethod.swift */ = {isa = PBXFileReference; lastKnownFileType = sourcecode.swift; path = HTTPMethod.swift; sourceTree = "<group>"; };
		B0D5C952283C01EC00696B25 /* NetworkError.swift */ = {isa = PBXFileReference; lastKnownFileType = sourcecode.swift; path = NetworkError.swift; sourceTree = "<group>"; };
		B0D5C954283C038300696B25 /* Cancellable.swift */ = {isa = PBXFileReference; lastKnownFileType = sourcecode.swift; path = Cancellable.swift; sourceTree = "<group>"; };
		B0D5C958283C057600696B25 /* URLSessionTask+Extension.swift */ = {isa = PBXFileReference; lastKnownFileType = sourcecode.swift; path = "URLSessionTask+Extension.swift"; sourceTree = "<group>"; };
		B0D5C95A283C06F700696B25 /* DefaultNetworkService.swift */ = {isa = PBXFileReference; lastKnownFileType = sourcecode.swift; path = DefaultNetworkService.swift; sourceTree = "<group>"; };
		B0D5C962283C90C800696B25 /* NotoSansCJKkr-Regular.otf */ = {isa = PBXFileReference; lastKnownFileType = file; path = "NotoSansCJKkr-Regular.otf"; sourceTree = "<group>"; };
		B0D5C963283C90C900696B25 /* NotoSansCJKkr-Black.otf */ = {isa = PBXFileReference; lastKnownFileType = file; path = "NotoSansCJKkr-Black.otf"; sourceTree = "<group>"; };
		B0D5C964283C90C900696B25 /* NotoSansCJKkr-DemiLight.otf */ = {isa = PBXFileReference; lastKnownFileType = file; path = "NotoSansCJKkr-DemiLight.otf"; sourceTree = "<group>"; };
		B0D5C965283C90CA00696B25 /* NotoSansCJKkr-Bold.otf */ = {isa = PBXFileReference; lastKnownFileType = file; path = "NotoSansCJKkr-Bold.otf"; sourceTree = "<group>"; };
		B0D5C966283C90CA00696B25 /* NotoSansCJKkr-Thin.otf */ = {isa = PBXFileReference; lastKnownFileType = file; path = "NotoSansCJKkr-Thin.otf"; sourceTree = "<group>"; };
		B0D5C967283C90CA00696B25 /* NotoSansCJKkr-Light.otf */ = {isa = PBXFileReference; lastKnownFileType = file; path = "NotoSansCJKkr-Light.otf"; sourceTree = "<group>"; };
		B0D5C968283C90CB00696B25 /* NotoSansCJKkr-Medium.otf */ = {isa = PBXFileReference; lastKnownFileType = file; path = "NotoSansCJKkr-Medium.otf"; sourceTree = "<group>"; };
		B0D5C970283C915E00696B25 /* UIFont+Extension.swift */ = {isa = PBXFileReference; lastKnownFileType = sourcecode.swift; path = "UIFont+Extension.swift"; sourceTree = "<group>"; };
/* End PBXFileReference section */

/* Begin PBXFrameworksBuildPhase section */
		B0D5C926283BEB3D00696B25 /* Frameworks */ = {
			isa = PBXFrameworksBuildPhase;
			buildActionMask = 2147483647;
			files = (
			);
			runOnlyForDeploymentPostprocessing = 0;
		};
/* End PBXFrameworksBuildPhase section */

/* Begin PBXGroup section */
		B026D522283CF3C8001BA910 /* DTO */ = {
			isa = PBXGroup;
			children = (
				B026D526283CFE0A001BA910 /* ProductRequestDTO.swift */,
				B026D523283CF92D001BA910 /* ProductResponseDTO.swift */,
				B026D529283D01AF001BA910 /* Currency.swift */,
			);
			path = DTO;
			sourceTree = "<group>";
		};
		B026D52B283D025B001BA910 /* Domain */ = {
			isa = PBXGroup;
			children = (
				B026D531283D0A1D001BA910 /* Interface */,
				B026D52C283D026C001BA910 /* Product.swift */,
			);
			path = Domain;
			sourceTree = "<group>";
		};
		B026D531283D0A1D001BA910 /* Interface */ = {
			isa = PBXGroup;
			children = (
				B026D532283D0A4C001BA910 /* Repositories */,
			);
			path = Interface;
			sourceTree = "<group>";
		};
		B026D532283D0A4C001BA910 /* Repositories */ = {
			isa = PBXGroup;
			children = (
				B026D533283D0A5F001BA910 /* ProductRepository.swift */,
			);
			path = Repositories;
			sourceTree = "<group>";
		};
		B0D5C920283BEB3D00696B25 = {
			isa = PBXGroup;
			children = (
				B0D5C92B283BEB3D00696B25 /* Close-market */,
				B0D5C92A283BEB3D00696B25 /* Products */,
			);
			sourceTree = "<group>";
		};
		B0D5C92A283BEB3D00696B25 /* Products */ = {
			isa = PBXGroup;
			children = (
				B0D5C929283BEB3D00696B25 /* Close-market.app */,
			);
			name = Products;
			sourceTree = "<group>";
		};
		B0D5C92B283BEB3D00696B25 /* Close-market */ = {
			isa = PBXGroup;
			children = (
				B0D5C940283BEBD400696B25 /* Application */,
				B026D52B283D025B001BA910 /* Domain */,
				B0D5C95D283C6F8000696B25 /* Data */,
				B0D5C942283BEBE100696B25 /* View */,
				B0D5C941283BEBDB00696B25 /* Controllers */,
				B0D5C956283C055700696B25 /* Util */,
				B0D5C944283BEBEE00696B25 /* Resource */,
			);
			path = "Close-market";
			sourceTree = "<group>";
		};
		B0D5C940283BEBD400696B25 /* Application */ = {
			isa = PBXGroup;
			children = (
				B0D5C92C283BEB3D00696B25 /* AppDelegate.swift */,
				B0D5C92E283BEB3D00696B25 /* SceneDelegate.swift */,
			);
			path = Application;
			sourceTree = "<group>";
		};
		B0D5C941283BEBDB00696B25 /* Controllers */ = {
			isa = PBXGroup;
			children = (
				B0D5C930283BEB3D00696B25 /* HomeViewController.swift */,
			);
			path = Controllers;
			sourceTree = "<group>";
		};
		B0D5C942283BEBE100696B25 /* View */ = {
			isa = PBXGroup;
			children = (
				B0D5C932283BEB3D00696B25 /* Main.storyboard */,
				B0D5C937283BEB3E00696B25 /* LaunchScreen.storyboard */,
				B026D51A283CE8E6001BA910 /* HomeCollectionViewCell.swift */,
			);
			path = View;
			sourceTree = "<group>";
		};
		B0D5C944283BEBEE00696B25 /* Resource */ = {
			isa = PBXGroup;
			children = (
				B0D5C961283C90AD00696B25 /* Font */,
				B0D5C935283BEB3E00696B25 /* Assets.xcassets */,
				B0D5C93A283BEB3E00696B25 /* Info.plist */,
			);
			path = Resource;
			sourceTree = "<group>";
		};
		B0D5C946283BED5300696B25 /* Network */ = {
			isa = PBXGroup;
			children = (
				B0D5C94F283C01E100696B25 /* Common */,
				B0D5C95C283C0FE600696B25 /* Infrastructure */,
				B0D5C95A283C06F700696B25 /* DefaultNetworkService.swift */,
			);
			path = Network;
			sourceTree = "<group>";
		};
		B0D5C94F283C01E100696B25 /* Common */ = {
			isa = PBXGroup;
			children = (
				B0D5C954283C038300696B25 /* Cancellable.swift */,
				B0D5C952283C01EC00696B25 /* NetworkError.swift */,
				B0D5C950283C01E800696B25 /* HTTPMethod.swift */,
			);
			path = Common;
			sourceTree = "<group>";
		};
		B0D5C956283C055700696B25 /* Util */ = {
			isa = PBXGroup;
			children = (
				B0D5C957283C056600696B25 /* Extension */,
			);
			path = Util;
			sourceTree = "<group>";
		};
		B0D5C957283C056600696B25 /* Extension */ = {
			isa = PBXGroup;
			children = (
				B0D5C958283C057600696B25 /* URLSessionTask+Extension.swift */,
				B0D5C970283C915E00696B25 /* UIFont+Extension.swift */,
				B026D51C283CE927001BA910 /* UICollectionViewCell+Extension.swift */,
				B026D52E283D0914001BA910 /* String+Extension.swift */,
			);
			path = Extension;
			sourceTree = "<group>";
		};
		B0D5C95C283C0FE600696B25 /* Infrastructure */ = {
			isa = PBXGroup;
			children = (
				B0D5C94B283BEFAB00696B25 /* Endpoint.swift */,
				B0D5C948283BEE0D00696B25 /* NetworkService.swift */,
				B0D5C94D283BF03B00696B25 /* NetworkConfiguration.swift */,
			);
			path = Infrastructure;
			sourceTree = "<group>";
		};
		B0D5C95D283C6F8000696B25 /* Data */ = {
			isa = PBXGroup;
			children = (
				B026D522283CF3C8001BA910 /* DTO */,
				B0D5C946283BED5300696B25 /* Network */,
			);
			path = Data;
			sourceTree = "<group>";
		};
		B0D5C961283C90AD00696B25 /* Font */ = {
			isa = PBXGroup;
			children = (
				B0D5C963283C90C900696B25 /* NotoSansCJKkr-Black.otf */,
				B0D5C965283C90CA00696B25 /* NotoSansCJKkr-Bold.otf */,
				B0D5C964283C90C900696B25 /* NotoSansCJKkr-DemiLight.otf */,
				B0D5C967283C90CA00696B25 /* NotoSansCJKkr-Light.otf */,
				B0D5C968283C90CB00696B25 /* NotoSansCJKkr-Medium.otf */,
				B0D5C962283C90C800696B25 /* NotoSansCJKkr-Regular.otf */,
				B0D5C966283C90CA00696B25 /* NotoSansCJKkr-Thin.otf */,
			);
			path = Font;
			sourceTree = "<group>";
		};
/* End PBXGroup section */

/* Begin PBXNativeTarget section */
		B0D5C928283BEB3D00696B25 /* Close-market */ = {
			isa = PBXNativeTarget;
			buildConfigurationList = B0D5C93D283BEB3E00696B25 /* Build configuration list for PBXNativeTarget "Close-market" */;
			buildPhases = (
				B0D5C925283BEB3D00696B25 /* Sources */,
				B0D5C926283BEB3D00696B25 /* Frameworks */,
				B0D5C927283BEB3D00696B25 /* Resources */,
			);
			buildRules = (
			);
			dependencies = (
			);
			name = "Close-market";
			productName = "Close-market";
			productReference = B0D5C929283BEB3D00696B25 /* Close-market.app */;
			productType = "com.apple.product-type.application";
		};
/* End PBXNativeTarget section */

/* Begin PBXProject section */
		B0D5C921283BEB3D00696B25 /* Project object */ = {
			isa = PBXProject;
			attributes = {
				BuildIndependentTargetsInParallel = 1;
				LastSwiftUpdateCheck = 1330;
				LastUpgradeCheck = 1330;
				TargetAttributes = {
					B0D5C928283BEB3D00696B25 = {
						CreatedOnToolsVersion = 13.3;
					};
				};
			};
			buildConfigurationList = B0D5C924283BEB3D00696B25 /* Build configuration list for PBXProject "Close-market" */;
			compatibilityVersion = "Xcode 13.0";
			developmentRegion = en;
			hasScannedForEncodings = 0;
			knownRegions = (
				en,
				Base,
			);
			mainGroup = B0D5C920283BEB3D00696B25;
			productRefGroup = B0D5C92A283BEB3D00696B25 /* Products */;
			projectDirPath = "";
			projectRoot = "";
			targets = (
				B0D5C928283BEB3D00696B25 /* Close-market */,
			);
		};
/* End PBXProject section */

/* Begin PBXResourcesBuildPhase section */
		B0D5C927283BEB3D00696B25 /* Resources */ = {
			isa = PBXResourcesBuildPhase;
			buildActionMask = 2147483647;
			files = (
				B0D5C96A283C90CB00696B25 /* NotoSansCJKkr-Black.otf in Resources */,
				B0D5C939283BEB3E00696B25 /* LaunchScreen.storyboard in Resources */,
				B0D5C96B283C90CB00696B25 /* NotoSansCJKkr-DemiLight.otf in Resources */,
				B0D5C969283C90CB00696B25 /* NotoSansCJKkr-Regular.otf in Resources */,
				B0D5C96C283C90CB00696B25 /* NotoSansCJKkr-Bold.otf in Resources */,
				B0D5C936283BEB3E00696B25 /* Assets.xcassets in Resources */,
				B0D5C934283BEB3D00696B25 /* Main.storyboard in Resources */,
				B0D5C96E283C90CB00696B25 /* NotoSansCJKkr-Light.otf in Resources */,
				B0D5C96D283C90CB00696B25 /* NotoSansCJKkr-Thin.otf in Resources */,
				B0D5C96F283C90CB00696B25 /* NotoSansCJKkr-Medium.otf in Resources */,
			);
			runOnlyForDeploymentPostprocessing = 0;
		};
/* End PBXResourcesBuildPhase section */

/* Begin PBXSourcesBuildPhase section */
		B0D5C925283BEB3D00696B25 /* Sources */ = {
			isa = PBXSourcesBuildPhase;
			buildActionMask = 2147483647;
			files = (
				B0D5C955283C038300696B25 /* Cancellable.swift in Sources */,
				B0D5C95B283C06F700696B25 /* DefaultNetworkService.swift in Sources */,
				B026D51D283CE927001BA910 /* UICollectionViewCell+Extension.swift in Sources */,
				B026D52F283D0914001BA910 /* String+Extension.swift in Sources */,
				B0D5C931283BEB3D00696B25 /* HomeViewController.swift in Sources */,
				B0D5C92D283BEB3D00696B25 /* AppDelegate.swift in Sources */,
				B0D5C959283C057600696B25 /* URLSessionTask+Extension.swift in Sources */,
				B026D51B283CE8E6001BA910 /* HomeCollectionViewCell.swift in Sources */,
				B0D5C951283C01E800696B25 /* HTTPMethod.swift in Sources */,
				B0D5C971283C915E00696B25 /* UIFont+Extension.swift in Sources */,
				B026D527283CFE0A001BA910 /* ProductRequestDTO.swift in Sources */,
				B026D534283D0A5F001BA910 /* ProductRepository.swift in Sources */,
				B0D5C949283BEE0D00696B25 /* NetworkService.swift in Sources */,
				B026D52D283D026C001BA910 /* Product.swift in Sources */,
				B0D5C953283C01EC00696B25 /* NetworkError.swift in Sources */,
				B0D5C92F283BEB3D00696B25 /* SceneDelegate.swift in Sources */,
				B026D52A283D01AF001BA910 /* Currency.swift in Sources */,
				B026D524283CF92D001BA910 /* ProductResponseDTO.swift in Sources */,
				B0D5C94C283BEFAB00696B25 /* Endpoint.swift in Sources */,
				B0D5C94E283BF03B00696B25 /* NetworkConfiguration.swift in Sources */,
			);
			runOnlyForDeploymentPostprocessing = 0;
		};
/* End PBXSourcesBuildPhase section */

/* Begin PBXVariantGroup section */
		B0D5C932283BEB3D00696B25 /* Main.storyboard */ = {
			isa = PBXVariantGroup;
			children = (
				B0D5C933283BEB3D00696B25 /* Base */,
			);
			name = Main.storyboard;
			sourceTree = "<group>";
		};
		B0D5C937283BEB3E00696B25 /* LaunchScreen.storyboard */ = {
			isa = PBXVariantGroup;
			children = (
				B0D5C938283BEB3E00696B25 /* Base */,
			);
			name = LaunchScreen.storyboard;
			sourceTree = "<group>";
		};
/* End PBXVariantGroup section */

/* Begin XCBuildConfiguration section */
		B0D5C93B283BEB3E00696B25 /* Debug */ = {
			isa = XCBuildConfiguration;
			buildSettings = {
				ALWAYS_SEARCH_USER_PATHS = NO;
				CLANG_ANALYZER_NONNULL = YES;
				CLANG_ANALYZER_NUMBER_OBJECT_CONVERSION = YES_AGGRESSIVE;
				CLANG_CXX_LANGUAGE_STANDARD = "gnu++17";
				CLANG_ENABLE_MODULES = YES;
				CLANG_ENABLE_OBJC_ARC = YES;
				CLANG_ENABLE_OBJC_WEAK = YES;
				CLANG_WARN_BLOCK_CAPTURE_AUTORELEASING = YES;
				CLANG_WARN_BOOL_CONVERSION = YES;
				CLANG_WARN_COMMA = YES;
				CLANG_WARN_CONSTANT_CONVERSION = YES;
				CLANG_WARN_DEPRECATED_OBJC_IMPLEMENTATIONS = YES;
				CLANG_WARN_DIRECT_OBJC_ISA_USAGE = YES_ERROR;
				CLANG_WARN_DOCUMENTATION_COMMENTS = YES;
				CLANG_WARN_EMPTY_BODY = YES;
				CLANG_WARN_ENUM_CONVERSION = YES;
				CLANG_WARN_INFINITE_RECURSION = YES;
				CLANG_WARN_INT_CONVERSION = YES;
				CLANG_WARN_NON_LITERAL_NULL_CONVERSION = YES;
				CLANG_WARN_OBJC_IMPLICIT_RETAIN_SELF = YES;
				CLANG_WARN_OBJC_LITERAL_CONVERSION = YES;
				CLANG_WARN_OBJC_ROOT_CLASS = YES_ERROR;
				CLANG_WARN_QUOTED_INCLUDE_IN_FRAMEWORK_HEADER = YES;
				CLANG_WARN_RANGE_LOOP_ANALYSIS = YES;
				CLANG_WARN_STRICT_PROTOTYPES = YES;
				CLANG_WARN_SUSPICIOUS_MOVE = YES;
				CLANG_WARN_UNGUARDED_AVAILABILITY = YES_AGGRESSIVE;
				CLANG_WARN_UNREACHABLE_CODE = YES;
				CLANG_WARN__DUPLICATE_METHOD_MATCH = YES;
				COPY_PHASE_STRIP = NO;
				DEBUG_INFORMATION_FORMAT = dwarf;
				ENABLE_STRICT_OBJC_MSGSEND = YES;
				ENABLE_TESTABILITY = YES;
				GCC_C_LANGUAGE_STANDARD = gnu11;
				GCC_DYNAMIC_NO_PIC = NO;
				GCC_NO_COMMON_BLOCKS = YES;
				GCC_OPTIMIZATION_LEVEL = 0;
				GCC_PREPROCESSOR_DEFINITIONS = (
					"DEBUG=1",
					"$(inherited)",
				);
				GCC_WARN_64_TO_32_BIT_CONVERSION = YES;
				GCC_WARN_ABOUT_RETURN_TYPE = YES_ERROR;
				GCC_WARN_UNDECLARED_SELECTOR = YES;
				GCC_WARN_UNINITIALIZED_AUTOS = YES_AGGRESSIVE;
				GCC_WARN_UNUSED_FUNCTION = YES;
				GCC_WARN_UNUSED_VARIABLE = YES;
				IPHONEOS_DEPLOYMENT_TARGET = 14.0;
				MTL_ENABLE_DEBUG_INFO = INCLUDE_SOURCE;
				MTL_FAST_MATH = YES;
				ONLY_ACTIVE_ARCH = YES;
				SDKROOT = iphoneos;
				SWIFT_ACTIVE_COMPILATION_CONDITIONS = DEBUG;
				SWIFT_OPTIMIZATION_LEVEL = "-Onone";
			};
			name = Debug;
		};
		B0D5C93C283BEB3E00696B25 /* Release */ = {
			isa = XCBuildConfiguration;
			buildSettings = {
				ALWAYS_SEARCH_USER_PATHS = NO;
				CLANG_ANALYZER_NONNULL = YES;
				CLANG_ANALYZER_NUMBER_OBJECT_CONVERSION = YES_AGGRESSIVE;
				CLANG_CXX_LANGUAGE_STANDARD = "gnu++17";
				CLANG_ENABLE_MODULES = YES;
				CLANG_ENABLE_OBJC_ARC = YES;
				CLANG_ENABLE_OBJC_WEAK = YES;
				CLANG_WARN_BLOCK_CAPTURE_AUTORELEASING = YES;
				CLANG_WARN_BOOL_CONVERSION = YES;
				CLANG_WARN_COMMA = YES;
				CLANG_WARN_CONSTANT_CONVERSION = YES;
				CLANG_WARN_DEPRECATED_OBJC_IMPLEMENTATIONS = YES;
				CLANG_WARN_DIRECT_OBJC_ISA_USAGE = YES_ERROR;
				CLANG_WARN_DOCUMENTATION_COMMENTS = YES;
				CLANG_WARN_EMPTY_BODY = YES;
				CLANG_WARN_ENUM_CONVERSION = YES;
				CLANG_WARN_INFINITE_RECURSION = YES;
				CLANG_WARN_INT_CONVERSION = YES;
				CLANG_WARN_NON_LITERAL_NULL_CONVERSION = YES;
				CLANG_WARN_OBJC_IMPLICIT_RETAIN_SELF = YES;
				CLANG_WARN_OBJC_LITERAL_CONVERSION = YES;
				CLANG_WARN_OBJC_ROOT_CLASS = YES_ERROR;
				CLANG_WARN_QUOTED_INCLUDE_IN_FRAMEWORK_HEADER = YES;
				CLANG_WARN_RANGE_LOOP_ANALYSIS = YES;
				CLANG_WARN_STRICT_PROTOTYPES = YES;
				CLANG_WARN_SUSPICIOUS_MOVE = YES;
				CLANG_WARN_UNGUARDED_AVAILABILITY = YES_AGGRESSIVE;
				CLANG_WARN_UNREACHABLE_CODE = YES;
				CLANG_WARN__DUPLICATE_METHOD_MATCH = YES;
				COPY_PHASE_STRIP = NO;
				DEBUG_INFORMATION_FORMAT = "dwarf-with-dsym";
				ENABLE_NS_ASSERTIONS = NO;
				ENABLE_STRICT_OBJC_MSGSEND = YES;
				GCC_C_LANGUAGE_STANDARD = gnu11;
				GCC_NO_COMMON_BLOCKS = YES;
				GCC_WARN_64_TO_32_BIT_CONVERSION = YES;
				GCC_WARN_ABOUT_RETURN_TYPE = YES_ERROR;
				GCC_WARN_UNDECLARED_SELECTOR = YES;
				GCC_WARN_UNINITIALIZED_AUTOS = YES_AGGRESSIVE;
				GCC_WARN_UNUSED_FUNCTION = YES;
				GCC_WARN_UNUSED_VARIABLE = YES;
				IPHONEOS_DEPLOYMENT_TARGET = 14.0;
				MTL_ENABLE_DEBUG_INFO = NO;
				MTL_FAST_MATH = YES;
				SDKROOT = iphoneos;
				SWIFT_COMPILATION_MODE = wholemodule;
				SWIFT_OPTIMIZATION_LEVEL = "-O";
				VALIDATE_PRODUCT = YES;
			};
			name = Release;
		};
		B0D5C93E283BEB3E00696B25 /* Debug */ = {
			isa = XCBuildConfiguration;
			buildSettings = {
				ASSETCATALOG_COMPILER_APPICON_NAME = AppIcon;
				ASSETCATALOG_COMPILER_GLOBAL_ACCENT_COLOR_NAME = AccentColor;
				CODE_SIGN_STYLE = Automatic;
				CURRENT_PROJECT_VERSION = 1;
				GENERATE_INFOPLIST_FILE = YES;
				INFOPLIST_FILE = "Close-market/Resource/Info.plist";
				INFOPLIST_KEY_UIApplicationSupportsIndirectInputEvents = YES;
				INFOPLIST_KEY_UILaunchStoryboardName = LaunchScreen;
				INFOPLIST_KEY_UIMainStoryboardFile = Main;
				INFOPLIST_KEY_UISupportedInterfaceOrientations = UIInterfaceOrientationPortrait;
				INFOPLIST_KEY_UISupportedInterfaceOrientations_iPad = "UIInterfaceOrientationPortrait UIInterfaceOrientationPortraitUpsideDown UIInterfaceOrientationLandscapeLeft UIInterfaceOrientationLandscapeRight";
				INFOPLIST_KEY_UISupportedInterfaceOrientations_iPhone = "UIInterfaceOrientationPortrait UIInterfaceOrientationLandscapeLeft UIInterfaceOrientationLandscapeRight";
				IPHONEOS_DEPLOYMENT_TARGET = 14.0;
				LD_RUNPATH_SEARCH_PATHS = (
					"$(inherited)",
					"@executable_path/Frameworks",
				);
				MARKETING_VERSION = 1.0;
				PRODUCT_BUNDLE_IDENTIFIER = "llingo.Close-market";
				PRODUCT_NAME = "$(TARGET_NAME)";
				SWIFT_EMIT_LOC_STRINGS = YES;
				SWIFT_VERSION = 5.0;
				TARGETED_DEVICE_FAMILY = "1,2";
			};
			name = Debug;
		};
		B0D5C93F283BEB3E00696B25 /* Release */ = {
			isa = XCBuildConfiguration;
			buildSettings = {
				ASSETCATALOG_COMPILER_APPICON_NAME = AppIcon;
				ASSETCATALOG_COMPILER_GLOBAL_ACCENT_COLOR_NAME = AccentColor;
				CODE_SIGN_STYLE = Automatic;
				CURRENT_PROJECT_VERSION = 1;
				GENERATE_INFOPLIST_FILE = YES;
				INFOPLIST_FILE = "Close-market/Resource/Info.plist";
				INFOPLIST_KEY_UIApplicationSupportsIndirectInputEvents = YES;
				INFOPLIST_KEY_UILaunchStoryboardName = LaunchScreen;
				INFOPLIST_KEY_UIMainStoryboardFile = Main;
				INFOPLIST_KEY_UISupportedInterfaceOrientations = UIInterfaceOrientationPortrait;
				INFOPLIST_KEY_UISupportedInterfaceOrientations_iPad = "UIInterfaceOrientationPortrait UIInterfaceOrientationPortraitUpsideDown UIInterfaceOrientationLandscapeLeft UIInterfaceOrientationLandscapeRight";
				INFOPLIST_KEY_UISupportedInterfaceOrientations_iPhone = "UIInterfaceOrientationPortrait UIInterfaceOrientationLandscapeLeft UIInterfaceOrientationLandscapeRight";
				IPHONEOS_DEPLOYMENT_TARGET = 14.0;
				LD_RUNPATH_SEARCH_PATHS = (
					"$(inherited)",
					"@executable_path/Frameworks",
				);
				MARKETING_VERSION = 1.0;
				PRODUCT_BUNDLE_IDENTIFIER = "llingo.Close-market";
				PRODUCT_NAME = "$(TARGET_NAME)";
				SWIFT_EMIT_LOC_STRINGS = YES;
				SWIFT_VERSION = 5.0;
				TARGETED_DEVICE_FAMILY = "1,2";
			};
			name = Release;
		};
/* End XCBuildConfiguration section */

/* Begin XCConfigurationList section */
		B0D5C924283BEB3D00696B25 /* Build configuration list for PBXProject "Close-market" */ = {
			isa = XCConfigurationList;
			buildConfigurations = (
				B0D5C93B283BEB3E00696B25 /* Debug */,
				B0D5C93C283BEB3E00696B25 /* Release */,
			);
			defaultConfigurationIsVisible = 0;
			defaultConfigurationName = Release;
		};
		B0D5C93D283BEB3E00696B25 /* Build configuration list for PBXNativeTarget "Close-market" */ = {
			isa = XCConfigurationList;
			buildConfigurations = (
				B0D5C93E283BEB3E00696B25 /* Debug */,
				B0D5C93F283BEB3E00696B25 /* Release */,
			);
			defaultConfigurationIsVisible = 0;
			defaultConfigurationName = Release;
		};
/* End XCConfigurationList section */
	};
	rootObject = B0D5C921283BEB3D00696B25 /* Project object */;
}
